// !$*UTF8*$!
{
	archiveVersion = 1;
	classes = {
	};
	objectVersion = 50;
	objects = {

/* Begin PBXBuildFile section */
		4CA3049AE9843553D0115216 /* Pods_YQDataSourceUITests.framework in Frameworks */ = {isa = PBXBuildFile; fileRef = 559DD524F517CB48EAB34279 /* Pods_YQDataSourceUITests.framework */; };
		5491B3947953BF6C994B59DA /* Pods_YQDataSource.framework in Frameworks */ = {isa = PBXBuildFile; fileRef = 01D38E31F3A23C9E1CAF8A92 /* Pods_YQDataSource.framework */; };
		559574782191B79100F85B89 /* YQTableViewDataSource.m in Sources */ = {isa = PBXBuildFile; fileRef = 559574762191B79100F85B89 /* YQTableViewDataSource.m */; };
		559574792191B79100F85B89 /* YQTableViewDataSource.m in Sources */ = {isa = PBXBuildFile; fileRef = 559574762191B79100F85B89 /* YQTableViewDataSource.m */; };
		5595747A2191B79100F85B89 /* YQTableViewDataSource.m in Sources */ = {isa = PBXBuildFile; fileRef = 559574762191B79100F85B89 /* YQTableViewDataSource.m */; };
		55B4E60C219076060078434C /* AppDelegate.m in Sources */ = {isa = PBXBuildFile; fileRef = 55B4E60B219076060078434C /* AppDelegate.m */; };
		55B4E60F219076070078434C /* ViewController.m in Sources */ = {isa = PBXBuildFile; fileRef = 55B4E60E219076070078434C /* ViewController.m */; };
		55B4E612219076070078434C /* Main.storyboard in Resources */ = {isa = PBXBuildFile; fileRef = 55B4E610219076070078434C /* Main.storyboard */; };
		55B4E614219076080078434C /* Assets.xcassets in Resources */ = {isa = PBXBuildFile; fileRef = 55B4E613219076080078434C /* Assets.xcassets */; };
		55B4E617219076080078434C /* LaunchScreen.storyboard in Resources */ = {isa = PBXBuildFile; fileRef = 55B4E615219076080078434C /* LaunchScreen.storyboard */; };
		55B4E61A219076080078434C /* main.m in Sources */ = {isa = PBXBuildFile; fileRef = 55B4E619219076080078434C /* main.m */; };
		55B4E624219076080078434C /* YQDataSourceTests.m in Sources */ = {isa = PBXBuildFile; fileRef = 55B4E623219076080078434C /* YQDataSourceTests.m */; };
		55B4E62F219076080078434C /* YQDataSourceUITests.m in Sources */ = {isa = PBXBuildFile; fileRef = 55B4E62E219076080078434C /* YQDataSourceUITests.m */; };
		55B4E641219076C90078434C /* Diff.m in Sources */ = {isa = PBXBuildFile; fileRef = 55B4E63D219076C90078434C /* Diff.m */; };
		55B4E644219076C90078434C /* YQSectionModel.m in Sources */ = {isa = PBXBuildFile; fileRef = 55B4E640219076C90078434C /* YQSectionModel.m */; };
/* End PBXBuildFile section */

/* Begin PBXContainerItemProxy section */
		55B4E620219076080078434C /* PBXContainerItemProxy */ = {
			isa = PBXContainerItemProxy;
			containerPortal = 55B4E5FF219076060078434C /* Project object */;
			proxyType = 1;
			remoteGlobalIDString = 55B4E606219076060078434C;
			remoteInfo = YQDataSource;
		};
		55B4E62B219076080078434C /* PBXContainerItemProxy */ = {
			isa = PBXContainerItemProxy;
			containerPortal = 55B4E5FF219076060078434C /* Project object */;
			proxyType = 1;
			remoteGlobalIDString = 55B4E606219076060078434C;
			remoteInfo = YQDataSource;
		};
/* End PBXContainerItemProxy section */

/* Begin PBXFileReference section */
		01D38E31F3A23C9E1CAF8A92 /* Pods_YQDataSource.framework */ = {isa = PBXFileReference; explicitFileType = wrapper.framework; includeInIndex = 0; path = Pods_YQDataSource.framework; sourceTree = BUILT_PRODUCTS_DIR; };
		0ED7CD94B8DB9F2FB60D0780 /* Pods-YQDataSource.debug.xcconfig */ = {isa = PBXFileReference; includeInIndex = 1; lastKnownFileType = text.xcconfig; name = "Pods-YQDataSource.debug.xcconfig"; path = "Pods/Target Support Files/Pods-YQDataSource/Pods-YQDataSource.debug.xcconfig"; sourceTree = "<group>"; };
		3FFA321E24BEA5537A4EDD1D /* Pods-YQDataSource.release.xcconfig */ = {isa = PBXFileReference; includeInIndex = 1; lastKnownFileType = text.xcconfig; name = "Pods-YQDataSource.release.xcconfig"; path = "Pods/Target Support Files/Pods-YQDataSource/Pods-YQDataSource.release.xcconfig"; sourceTree = "<group>"; };
		559574762191B79100F85B89 /* YQTableViewDataSource.m */ = {isa = PBXFileReference; fileEncoding = 4; lastKnownFileType = sourcecode.c.objc; path = YQTableViewDataSource.m; sourceTree = "<group>"; };
		559574772191B79100F85B89 /* YQTableViewDataSource.h */ = {isa = PBXFileReference; fileEncoding = 4; lastKnownFileType = sourcecode.c.h; path = YQTableViewDataSource.h; sourceTree = "<group>"; };
		559DD524F517CB48EAB34279 /* Pods_YQDataSourceUITests.framework */ = {isa = PBXFileReference; explicitFileType = wrapper.framework; includeInIndex = 0; path = Pods_YQDataSourceUITests.framework; sourceTree = BUILT_PRODUCTS_DIR; };
		55B4E607219076060078434C /* YQDataSource.app */ = {isa = PBXFileReference; explicitFileType = wrapper.application; includeInIndex = 0; path = YQDataSource.app; sourceTree = BUILT_PRODUCTS_DIR; };
		55B4E60A219076060078434C /* AppDelegate.h */ = {isa = PBXFileReference; lastKnownFileType = sourcecode.c.h; path = AppDelegate.h; sourceTree = "<group>"; };
		55B4E60B219076060078434C /* AppDelegate.m */ = {isa = PBXFileReference; lastKnownFileType = sourcecode.c.objc; path = AppDelegate.m; sourceTree = "<group>"; };
		55B4E60D219076070078434C /* ViewController.h */ = {isa = PBXFileReference; lastKnownFileType = sourcecode.c.h; path = ViewController.h; sourceTree = "<group>"; };
		55B4E60E219076070078434C /* ViewController.m */ = {isa = PBXFileReference; lastKnownFileType = sourcecode.c.objc; path = ViewController.m; sourceTree = "<group>"; };
		55B4E611219076070078434C /* Base */ = {isa = PBXFileReference; lastKnownFileType = file.storyboard; name = Base; path = Base.lproj/Main.storyboard; sourceTree = "<group>"; };
		55B4E613219076080078434C /* Assets.xcassets */ = {isa = PBXFileReference; lastKnownFileType = folder.assetcatalog; path = Assets.xcassets; sourceTree = "<group>"; };
		55B4E616219076080078434C /* Base */ = {isa = PBXFileReference; lastKnownFileType = file.storyboard; name = Base; path = Base.lproj/LaunchScreen.storyboard; sourceTree = "<group>"; };
		55B4E618219076080078434C /* Info.plist */ = {isa = PBXFileReference; lastKnownFileType = text.plist.xml; path = Info.plist; sourceTree = "<group>"; };
		55B4E619219076080078434C /* main.m */ = {isa = PBXFileReference; lastKnownFileType = sourcecode.c.objc; path = main.m; sourceTree = "<group>"; };
		55B4E61F219076080078434C /* YQDataSourceTests.xctest */ = {isa = PBXFileReference; explicitFileType = wrapper.cfbundle; includeInIndex = 0; path = YQDataSourceTests.xctest; sourceTree = BUILT_PRODUCTS_DIR; };
		55B4E623219076080078434C /* YQDataSourceTests.m */ = {isa = PBXFileReference; lastKnownFileType = sourcecode.c.objc; path = YQDataSourceTests.m; sourceTree = "<group>"; };
		55B4E625219076080078434C /* Info.plist */ = {isa = PBXFileReference; lastKnownFileType = text.plist.xml; path = Info.plist; sourceTree = "<group>"; };
		55B4E62A219076080078434C /* YQDataSourceUITests.xctest */ = {isa = PBXFileReference; explicitFileType = wrapper.cfbundle; includeInIndex = 0; path = YQDataSourceUITests.xctest; sourceTree = BUILT_PRODUCTS_DIR; };
		55B4E62E219076080078434C /* YQDataSourceUITests.m */ = {isa = PBXFileReference; lastKnownFileType = sourcecode.c.objc; path = YQDataSourceUITests.m; sourceTree = "<group>"; };
		55B4E630219076080078434C /* Info.plist */ = {isa = PBXFileReference; lastKnownFileType = text.plist.xml; path = Info.plist; sourceTree = "<group>"; };
		55B4E63D219076C90078434C /* Diff.m */ = {isa = PBXFileReference; fileEncoding = 4; lastKnownFileType = sourcecode.c.objc; path = Diff.m; sourceTree = "<group>"; };
		55B4E63E219076C90078434C /* YQSectionModel.h */ = {isa = PBXFileReference; fileEncoding = 4; lastKnownFileType = sourcecode.c.h; path = YQSectionModel.h; sourceTree = "<group>"; };
		55B4E63F219076C90078434C /* Diff.h */ = {isa = PBXFileReference; fileEncoding = 4; lastKnownFileType = sourcecode.c.h; path = Diff.h; sourceTree = "<group>"; };
		55B4E640219076C90078434C /* YQSectionModel.m */ = {isa = PBXFileReference; fileEncoding = 4; lastKnownFileType = sourcecode.c.objc; path = YQSectionModel.m; sourceTree = "<group>"; };
		66506507121AC1634D62D7DD /* Pods-YQDataSourceUITests.debug.xcconfig */ = {isa = PBXFileReference; includeInIndex = 1; lastKnownFileType = text.xcconfig; name = "Pods-YQDataSourceUITests.debug.xcconfig"; path = "Pods/Target Support Files/Pods-YQDataSourceUITests/Pods-YQDataSourceUITests.debug.xcconfig"; sourceTree = "<group>"; };
		C6B62394D007260A681F3288 /* Pods-YQDataSourceUITests.release.xcconfig */ = {isa = PBXFileReference; includeInIndex = 1; lastKnownFileType = text.xcconfig; name = "Pods-YQDataSourceUITests.release.xcconfig"; path = "Pods/Target Support Files/Pods-YQDataSourceUITests/Pods-YQDataSourceUITests.release.xcconfig"; sourceTree = "<group>"; };
/* End PBXFileReference section */

/* Begin PBXFrameworksBuildPhase section */
		55B4E604219076060078434C /* Frameworks */ = {
			isa = PBXFrameworksBuildPhase;
			buildActionMask = 2147483647;
			files = (
				5491B3947953BF6C994B59DA /* Pods_YQDataSource.framework in Frameworks */,
			);
			runOnlyForDeploymentPostprocessing = 0;
		};
		55B4E61C219076080078434C /* Frameworks */ = {
			isa = PBXFrameworksBuildPhase;
			buildActionMask = 2147483647;
			files = (
			);
			runOnlyForDeploymentPostprocessing = 0;
		};
		55B4E627219076080078434C /* Frameworks */ = {
			isa = PBXFrameworksBuildPhase;
			buildActionMask = 2147483647;
			files = (
				4CA3049AE9843553D0115216 /* Pods_YQDataSourceUITests.framework in Frameworks */,
			);
			runOnlyForDeploymentPostprocessing = 0;
		};
/* End PBXFrameworksBuildPhase section */

/* Begin PBXGroup section */
		1C2FC4C5BCF6A8EB5E44A107 /* Frameworks */ = {
			isa = PBXGroup;
			children = (
				01D38E31F3A23C9E1CAF8A92 /* Pods_YQDataSource.framework */,
				559DD524F517CB48EAB34279 /* Pods_YQDataSourceUITests.framework */,
			);
			name = Frameworks;
			sourceTree = "<group>";
		};
		55B4E5FE219076060078434C = {
			isa = PBXGroup;
			children = (
				55B4E63C219076C90078434C /* Classes */,
				55B4E609219076060078434C /* YQDataSource */,
				55B4E622219076080078434C /* YQDataSourceTests */,
				55B4E62D219076080078434C /* YQDataSourceUITests */,
				55B4E608219076060078434C /* Products */,
				EA5295D702B89F53D3460DCE /* Pods */,
				1C2FC4C5BCF6A8EB5E44A107 /* Frameworks */,
			);
			sourceTree = "<group>";
		};
		55B4E608219076060078434C /* Products */ = {
			isa = PBXGroup;
			children = (
				55B4E607219076060078434C /* YQDataSource.app */,
				55B4E61F219076080078434C /* YQDataSourceTests.xctest */,
				55B4E62A219076080078434C /* YQDataSourceUITests.xctest */,
			);
			name = Products;
			sourceTree = "<group>";
		};
		55B4E609219076060078434C /* YQDataSource */ = {
			isa = PBXGroup;
			children = (
				55B4E60A219076060078434C /* AppDelegate.h */,
				55B4E60B219076060078434C /* AppDelegate.m */,
				55B4E60D219076070078434C /* ViewController.h */,
				55B4E60E219076070078434C /* ViewController.m */,
				55B4E610219076070078434C /* Main.storyboard */,
				55B4E613219076080078434C /* Assets.xcassets */,
				55B4E615219076080078434C /* LaunchScreen.storyboard */,
				55B4E618219076080078434C /* Info.plist */,
				55B4E619219076080078434C /* main.m */,
			);
			path = YQDataSource;
			sourceTree = "<group>";
		};
		55B4E622219076080078434C /* YQDataSourceTests */ = {
			isa = PBXGroup;
			children = (
				55B4E623219076080078434C /* YQDataSourceTests.m */,
				55B4E625219076080078434C /* Info.plist */,
			);
			path = YQDataSourceTests;
			sourceTree = "<group>";
		};
		55B4E62D219076080078434C /* YQDataSourceUITests */ = {
			isa = PBXGroup;
			children = (
				55B4E62E219076080078434C /* YQDataSourceUITests.m */,
				55B4E630219076080078434C /* Info.plist */,
			);
			path = YQDataSourceUITests;
			sourceTree = "<group>";
		};
		55B4E63C219076C90078434C /* Classes */ = {
			isa = PBXGroup;
			children = (
				55B4E63F219076C90078434C /* Diff.h */,
				55B4E63D219076C90078434C /* Diff.m */,
				55B4E63E219076C90078434C /* YQSectionModel.h */,
				55B4E640219076C90078434C /* YQSectionModel.m */,
				559574772191B79100F85B89 /* YQTableViewDataSource.h */,
				559574762191B79100F85B89 /* YQTableViewDataSource.m */,
			);
			path = Classes;
			sourceTree = "<group>";
		};
		EA5295D702B89F53D3460DCE /* Pods */ = {
			isa = PBXGroup;
			children = (
				0ED7CD94B8DB9F2FB60D0780 /* Pods-YQDataSource.debug.xcconfig */,
				3FFA321E24BEA5537A4EDD1D /* Pods-YQDataSource.release.xcconfig */,
				66506507121AC1634D62D7DD /* Pods-YQDataSourceUITests.debug.xcconfig */,
				C6B62394D007260A681F3288 /* Pods-YQDataSourceUITests.release.xcconfig */,
			);
			name = Pods;
			sourceTree = "<group>";
		};
/* End PBXGroup section */

/* Begin PBXNativeTarget section */
		55B4E606219076060078434C /* YQDataSource */ = {
			isa = PBXNativeTarget;
			buildConfigurationList = 55B4E633219076080078434C /* Build configuration list for PBXNativeTarget "YQDataSource" */;
			buildPhases = (
				027EB20038ADF0DF4F017965 /* [CP] Check Pods Manifest.lock */,
				55B4E603219076060078434C /* Sources */,
				55B4E604219076060078434C /* Frameworks */,
				55B4E605219076060078434C /* Resources */,
				32EA8FB37AFC425F31657D5E /* [CP] Embed Pods Frameworks */,
			);
			buildRules = (
			);
			dependencies = (
			);
			name = YQDataSource;
			productName = YQDataSource;
			productReference = 55B4E607219076060078434C /* YQDataSource.app */;
			productType = "com.apple.product-type.application";
		};
		55B4E61E219076080078434C /* YQDataSourceTests */ = {
			isa = PBXNativeTarget;
			buildConfigurationList = 55B4E636219076080078434C /* Build configuration list for PBXNativeTarget "YQDataSourceTests" */;
			buildPhases = (
				55B4E61B219076080078434C /* Sources */,
				55B4E61C219076080078434C /* Frameworks */,
				55B4E61D219076080078434C /* Resources */,
			);
			buildRules = (
			);
			dependencies = (
				55B4E621219076080078434C /* PBXTargetDependency */,
			);
			name = YQDataSourceTests;
			productName = YQDataSourceTests;
			productReference = 55B4E61F219076080078434C /* YQDataSourceTests.xctest */;
			productType = "com.apple.product-type.bundle.unit-test";
		};
		55B4E629219076080078434C /* YQDataSourceUITests */ = {
			isa = PBXNativeTarget;
			buildConfigurationList = 55B4E639219076080078434C /* Build configuration list for PBXNativeTarget "YQDataSourceUITests" */;
			buildPhases = (
				20CD7DCFA1CA039BB590DFD3 /* [CP] Check Pods Manifest.lock */,
				55B4E626219076080078434C /* Sources */,
				55B4E627219076080078434C /* Frameworks */,
				55B4E628219076080078434C /* Resources */,
				0A9D07E8651A3902E49E5E37 /* [CP] Embed Pods Frameworks */,
			);
			buildRules = (
			);
			dependencies = (
				55B4E62C219076080078434C /* PBXTargetDependency */,
			);
			name = YQDataSourceUITests;
			productName = YQDataSourceUITests;
			productReference = 55B4E62A219076080078434C /* YQDataSourceUITests.xctest */;
			productType = "com.apple.product-type.bundle.ui-testing";
		};
/* End PBXNativeTarget section */

/* Begin PBXProject section */
		55B4E5FF219076060078434C /* Project object */ = {
			isa = PBXProject;
			attributes = {
				LastUpgradeCheck = 1000;
				ORGANIZATIONNAME = "王叶庆";
				TargetAttributes = {
					55B4E606219076060078434C = {
						CreatedOnToolsVersion = 10.0;
					};
					55B4E61E219076080078434C = {
						CreatedOnToolsVersion = 10.0;
						TestTargetID = 55B4E606219076060078434C;
					};
					55B4E629219076080078434C = {
						CreatedOnToolsVersion = 10.0;
						TestTargetID = 55B4E606219076060078434C;
					};
				};
			};
			buildConfigurationList = 55B4E602219076060078434C /* Build configuration list for PBXProject "YQDataSource" */;
			compatibilityVersion = "Xcode 9.3";
			developmentRegion = en;
			hasScannedForEncodings = 0;
			knownRegions = (
				en,
				Base,
			);
			mainGroup = 55B4E5FE219076060078434C;
			productRefGroup = 55B4E608219076060078434C /* Products */;
			projectDirPath = "";
			projectRoot = "";
			targets = (
				55B4E606219076060078434C /* YQDataSource */,
				55B4E61E219076080078434C /* YQDataSourceTests */,
				55B4E629219076080078434C /* YQDataSourceUITests */,
			);
		};
/* End PBXProject section */

/* Begin PBXResourcesBuildPhase section */
		55B4E605219076060078434C /* Resources */ = {
			isa = PBXResourcesBuildPhase;
			buildActionMask = 2147483647;
			files = (
				55B4E617219076080078434C /* LaunchScreen.storyboard in Resources */,
				55B4E614219076080078434C /* Assets.xcassets in Resources */,
				55B4E612219076070078434C /* Main.storyboard in Resources */,
			);
			runOnlyForDeploymentPostprocessing = 0;
		};
		55B4E61D219076080078434C /* Resources */ = {
			isa = PBXResourcesBuildPhase;
			buildActionMask = 2147483647;
			files = (
			);
			runOnlyForDeploymentPostprocessing = 0;
		};
		55B4E628219076080078434C /* Resources */ = {
			isa = PBXResourcesBuildPhase;
			buildActionMask = 2147483647;
			files = (
			);
			runOnlyForDeploymentPostprocessing = 0;
		};
/* End PBXResourcesBuildPhase section */

/* Begin PBXShellScriptBuildPhase section */
		027EB20038ADF0DF4F017965 /* [CP] Check Pods Manifest.lock */ = {
			isa = PBXShellScriptBuildPhase;
			buildActionMask = 2147483647;
			files = (
			);
			inputPaths = (
				"${PODS_PODFILE_DIR_PATH}/Podfile.lock",
				"${PODS_ROOT}/Manifest.lock",
			);
			name = "[CP] Check Pods Manifest.lock";
			outputPaths = (
				"$(DERIVED_FILE_DIR)/Pods-YQDataSource-checkManifestLockResult.txt",
			);
			runOnlyForDeploymentPostprocessing = 0;
			shellPath = /bin/sh;
			shellScript = "diff \"${PODS_PODFILE_DIR_PATH}/Podfile.lock\" \"${PODS_ROOT}/Manifest.lock\" > /dev/null\nif [ $? != 0 ] ; then\n    # print error to STDERR\n    echo \"error: The sandbox is not in sync with the Podfile.lock. Run 'pod install' or update your CocoaPods installation.\" >&2\n    exit 1\nfi\n# This output is used by Xcode 'outputs' to avoid re-running this script phase.\necho \"SUCCESS\" > \"${SCRIPT_OUTPUT_FILE_0}\"\n";
			showEnvVarsInLog = 0;
		};
		0A9D07E8651A3902E49E5E37 /* [CP] Embed Pods Frameworks */ = {
			isa = PBXShellScriptBuildPhase;
			buildActionMask = 2147483647;
			files = (
			);
			inputPaths = (
				"${SRCROOT}/Pods/Target Support Files/Pods-YQDataSourceUITests/Pods-YQDataSourceUITests-frameworks.sh",
				"${BUILT_PRODUCTS_DIR}/Kiwi/Kiwi.framework",
			);
			name = "[CP] Embed Pods Frameworks";
			outputPaths = (
				"${TARGET_BUILD_DIR}/${FRAMEWORKS_FOLDER_PATH}/Kiwi.framework",
			);
			runOnlyForDeploymentPostprocessing = 0;
			shellPath = /bin/sh;
			shellScript = "\"${SRCROOT}/Pods/Target Support Files/Pods-YQDataSourceUITests/Pods-YQDataSourceUITests-frameworks.sh\"\n";
			showEnvVarsInLog = 0;
		};
		20CD7DCFA1CA039BB590DFD3 /* [CP] Check Pods Manifest.lock */ = {
			isa = PBXShellScriptBuildPhase;
			buildActionMask = 2147483647;
			files = (
			);
			inputPaths = (
				"${PODS_PODFILE_DIR_PATH}/Podfile.lock",
				"${PODS_ROOT}/Manifest.lock",
			);
			name = "[CP] Check Pods Manifest.lock";
			outputPaths = (
				"$(DERIVED_FILE_DIR)/Pods-YQDataSourceUITests-checkManifestLockResult.txt",
			);
			runOnlyForDeploymentPostprocessing = 0;
			shellPath = /bin/sh;
			shellScript = "diff \"${PODS_PODFILE_DIR_PATH}/Podfile.lock\" \"${PODS_ROOT}/Manifest.lock\" > /dev/null\nif [ $? != 0 ] ; then\n    # print error to STDERR\n    echo \"error: The sandbox is not in sync with the Podfile.lock. Run 'pod install' or update your CocoaPods installation.\" >&2\n    exit 1\nfi\n# This output is used by Xcode 'outputs' to avoid re-running this script phase.\necho \"SUCCESS\" > \"${SCRIPT_OUTPUT_FILE_0}\"\n";
			showEnvVarsInLog = 0;
		};
		32EA8FB37AFC425F31657D5E /* [CP] Embed Pods Frameworks */ = {
			isa = PBXShellScriptBuildPhase;
			buildActionMask = 2147483647;
			files = (
			);
			inputPaths = (
				"${SRCROOT}/Pods/Target Support Files/Pods-YQDataSource/Pods-YQDataSource-frameworks.sh",
				"${BUILT_PRODUCTS_DIR}/IGListKit/IGListKit.framework",
				"${BUILT_PRODUCTS_DIR}/ReactiveCocoa/ReactiveCocoa.framework",
			);
			name = "[CP] Embed Pods Frameworks";
			outputPaths = (
				"${TARGET_BUILD_DIR}/${FRAMEWORKS_FOLDER_PATH}/IGListKit.framework",
				"${TARGET_BUILD_DIR}/${FRAMEWORKS_FOLDER_PATH}/ReactiveCocoa.framework",
			);
			runOnlyForDeploymentPostprocessing = 0;
			shellPath = /bin/sh;
			shellScript = "\"${SRCROOT}/Pods/Target Support Files/Pods-YQDataSource/Pods-YQDataSource-frameworks.sh\"\n";
			showEnvVarsInLog = 0;
		};
/* End PBXShellScriptBuildPhase section */

/* Begin PBXSourcesBuildPhase section */
		55B4E603219076060078434C /* Sources */ = {
			isa = PBXSourcesBuildPhase;
			buildActionMask = 2147483647;
			files = (
				55B4E60F219076070078434C /* ViewController.m in Sources */,
				55B4E61A219076080078434C /* main.m in Sources */,
				55B4E641219076C90078434C /* Diff.m in Sources */,
				559574782191B79100F85B89 /* YQTableViewDataSource.m in Sources */,
				55B4E60C219076060078434C /* AppDelegate.m in Sources */,
				55B4E644219076C90078434C /* YQSectionModel.m in Sources */,
			);
			runOnlyForDeploymentPostprocessing = 0;
		};
		55B4E61B219076080078434C /* Sources */ = {
			isa = PBXSourcesBuildPhase;
			buildActionMask = 2147483647;
			files = (
				55B4E624219076080078434C /* YQDataSourceTests.m in Sources */,
				559574792191B79100F85B89 /* YQTableViewDataSource.m in Sources */,
			);
			runOnlyForDeploymentPostprocessing = 0;
		};
		55B4E626219076080078434C /* Sources */ = {
			isa = PBXSourcesBuildPhase;
			buildActionMask = 2147483647;
			files = (
				55B4E62F219076080078434C /* YQDataSourceUITests.m in Sources */,
				5595747A2191B79100F85B89 /* YQTableViewDataSource.m in Sources */,
			);
			runOnlyForDeploymentPostprocessing = 0;
		};
/* End PBXSourcesBuildPhase section */

/* Begin PBXTargetDependency section */
		55B4E621219076080078434C /* PBXTargetDependency */ = {
			isa = PBXTargetDependency;
			target = 55B4E606219076060078434C /* YQDataSource */;
			targetProxy = 55B4E620219076080078434C /* PBXContainerItemProxy */;
		};
		55B4E62C219076080078434C /* PBXTargetDependency */ = {
			isa = PBXTargetDependency;
			target = 55B4E606219076060078434C /* YQDataSource */;
			targetProxy = 55B4E62B219076080078434C /* PBXContainerItemProxy */;
		};
/* End PBXTargetDependency section */

/* Begin PBXVariantGroup section */
		55B4E610219076070078434C /* Main.storyboard */ = {
			isa = PBXVariantGroup;
			children = (
				55B4E611219076070078434C /* Base */,
			);
			name = Main.storyboard;
			sourceTree = "<group>";
		};
		55B4E615219076080078434C /* LaunchScreen.storyboard */ = {
			isa = PBXVariantGroup;
			children = (
				55B4E616219076080078434C /* Base */,
			);
			name = LaunchScreen.storyboard;
			sourceTree = "<group>";
		};
/* End PBXVariantGroup section */

/* Begin XCBuildConfiguration section */
		55B4E631219076080078434C /* Debug */ = {
			isa = XCBuildConfiguration;
			buildSettings = {
				ALWAYS_SEARCH_USER_PATHS = NO;
				CLANG_ANALYZER_NONNULL = YES;
				CLANG_ANALYZER_NUMBER_OBJECT_CONVERSION = YES_AGGRESSIVE;
				CLANG_CXX_LANGUAGE_STANDARD = "gnu++14";
				CLANG_CXX_LIBRARY = "libc++";
				CLANG_ENABLE_MODULES = YES;
				CLANG_ENABLE_OBJC_ARC = YES;
				CLANG_ENABLE_OBJC_WEAK = YES;
				CLANG_WARN_BLOCK_CAPTURE_AUTORELEASING = YES;
				CLANG_WARN_BOOL_CONVERSION = YES;
				CLANG_WARN_COMMA = YES;
				CLANG_WARN_CONSTANT_CONVERSION = YES;
				CLANG_WARN_DEPRECATED_OBJC_IMPLEMENTATIONS = YES;
				CLANG_WARN_DIRECT_OBJC_ISA_USAGE = YES_ERROR;
				CLANG_WARN_DOCUMENTATION_COMMENTS = YES;
				CLANG_WARN_EMPTY_BODY = YES;
				CLANG_WARN_ENUM_CONVERSION = YES;
				CLANG_WARN_INFINITE_RECURSION = YES;
				CLANG_WARN_INT_CONVERSION = YES;
				CLANG_WARN_NON_LITERAL_NULL_CONVERSION = YES;
				CLANG_WARN_OBJC_IMPLICIT_RETAIN_SELF = YES;
				CLANG_WARN_OBJC_LITERAL_CONVERSION = YES;
				CLANG_WARN_OBJC_ROOT_CLASS = YES_ERROR;
				CLANG_WARN_RANGE_LOOP_ANALYSIS = YES;
				CLANG_WARN_STRICT_PROTOTYPES = YES;
				CLANG_WARN_SUSPICIOUS_MOVE = YES;
				CLANG_WARN_UNGUARDED_AVAILABILITY = YES_AGGRESSIVE;
				CLANG_WARN_UNREACHABLE_CODE = YES;
				CLANG_WARN__DUPLICATE_METHOD_MATCH = YES;
				CODE_SIGN_IDENTITY = "iPhone Developer";
				COPY_PHASE_STRIP = NO;
				DEBUG_INFORMATION_FORMAT = dwarf;
				ENABLE_STRICT_OBJC_MSGSEND = YES;
				ENABLE_TESTABILITY = YES;
				GCC_C_LANGUAGE_STANDARD = gnu11;
				GCC_DYNAMIC_NO_PIC = NO;
				GCC_NO_COMMON_BLOCKS = YES;
				GCC_OPTIMIZATION_LEVEL = 0;
				GCC_PREPROCESSOR_DEFINITIONS = (
					"DEBUG=1",
					"$(inherited)",
				);
				GCC_WARN_64_TO_32_BIT_CONVERSION = YES;
				GCC_WARN_ABOUT_RETURN_TYPE = YES_ERROR;
				GCC_WARN_UNDECLARED_SELECTOR = YES;
				GCC_WARN_UNINITIALIZED_AUTOS = YES_AGGRESSIVE;
				GCC_WARN_UNUSED_FUNCTION = YES;
				GCC_WARN_UNUSED_VARIABLE = YES;
				IPHONEOS_DEPLOYMENT_TARGET = 12.0;
				MTL_ENABLE_DEBUG_INFO = INCLUDE_SOURCE;
				MTL_FAST_MATH = YES;
				ONLY_ACTIVE_ARCH = YES;
				SDKROOT = iphoneos;
			};
			name = Debug;
		};
		55B4E632219076080078434C /* Release */ = {
			isa = XCBuildConfiguration;
			buildSettings = {
				ALWAYS_SEARCH_USER_PATHS = NO;
				CLANG_ANALYZER_NONNULL = YES;
				CLANG_ANALYZER_NUMBER_OBJECT_CONVERSION = YES_AGGRESSIVE;
				CLANG_CXX_LANGUAGE_STANDARD = "gnu++14";
				CLANG_CXX_LIBRARY = "libc++";
				CLANG_ENABLE_MODULES = YES;
				CLANG_ENABLE_OBJC_ARC = YES;
				CLANG_ENABLE_OBJC_WEAK = YES;
				CLANG_WARN_BLOCK_CAPTURE_AUTORELEASING = YES;
				CLANG_WARN_BOOL_CONVERSION = YES;
				CLANG_WARN_COMMA = YES;
				CLANG_WARN_CONSTANT_CONVERSION = YES;
				CLANG_WARN_DEPRECATED_OBJC_IMPLEMENTATIONS = YES;
				CLANG_WARN_DIRECT_OBJC_ISA_USAGE = YES_ERROR;
				CLANG_WARN_DOCUMENTATION_COMMENTS = YES;
				CLANG_WARN_EMPTY_BODY = YES;
				CLANG_WARN_ENUM_CONVERSION = YES;
				CLANG_WARN_INFINITE_RECURSION = YES;
				CLANG_WARN_INT_CONVERSION = YES;
				CLANG_WARN_NON_LITERAL_NULL_CONVERSION = YES;
				CLANG_WARN_OBJC_IMPLICIT_RETAIN_SELF = YES;
				CLANG_WARN_OBJC_LITERAL_CONVERSION = YES;
				CLANG_WARN_OBJC_ROOT_CLASS = YES_ERROR;
				CLANG_WARN_RANGE_LOOP_ANALYSIS = YES;
				CLANG_WARN_STRICT_PROTOTYPES = YES;
				CLANG_WARN_SUSPICIOUS_MOVE = YES;
				CLANG_WARN_UNGUARDED_AVAILABILITY = YES_AGGRESSIVE;
				CLANG_WARN_UNREACHABLE_CODE = YES;
				CLANG_WARN__DUPLICATE_METHOD_MATCH = YES;
				CODE_SIGN_IDENTITY = "iPhone Developer";
				COPY_PHASE_STRIP = NO;
				DEBUG_INFORMATION_FORMAT = "dwarf-with-dsym";
				ENABLE_NS_ASSERTIONS = NO;
				ENABLE_STRICT_OBJC_MSGSEND = YES;
				GCC_C_LANGUAGE_STANDARD = gnu11;
				GCC_NO_COMMON_BLOCKS = YES;
				GCC_WARN_64_TO_32_BIT_CONVERSION = YES;
				GCC_WARN_ABOUT_RETURN_TYPE = YES_ERROR;
				GCC_WARN_UNDECLARED_SELECTOR = YES;
				GCC_WARN_UNINITIALIZED_AUTOS = YES_AGGRESSIVE;
				GCC_WARN_UNUSED_FUNCTION = YES;
				GCC_WARN_UNUSED_VARIABLE = YES;
				IPHONEOS_DEPLOYMENT_TARGET = 12.0;
				MTL_ENABLE_DEBUG_INFO = NO;
				MTL_FAST_MATH = YES;
				SDKROOT = iphoneos;
				VALIDATE_PRODUCT = YES;
			};
			name = Release;
		};
		55B4E634219076080078434C /* Debug */ = {
			isa = XCBuildConfiguration;
			baseConfigurationReference = 0ED7CD94B8DB9F2FB60D0780 /* Pods-YQDataSource.debug.xcconfig */;
			buildSettings = {
				ASSETCATALOG_COMPILER_APPICON_NAME = AppIcon;
				CODE_SIGN_STYLE = Automatic;
				DEVELOPMENT_TEAM = QXPHWM9EW2;
				INFOPLIST_FILE = YQDataSource/Info.plist;
				LD_RUNPATH_SEARCH_PATHS = (
					"$(inherited)",
					"@executable_path/Frameworks",
				);
				PRODUCT_BUNDLE_IDENTIFIER = com.wyq.YQDataSource;
				PRODUCT_NAME = "$(TARGET_NAME)";
				TARGETED_DEVICE_FAMILY = "1,2";
			};
			name = Debug;
		};
		55B4E635219076080078434C /* Release */ = {
			isa = XCBuildConfiguration;
			baseConfigurationReference = 3FFA321E24BEA5537A4EDD1D /* Pods-YQDataSource.release.xcconfig */;
			buildSettings = {
				ASSETCATALOG_COMPILER_APPICON_NAME = AppIcon;
				CODE_SIGN_STYLE = Automatic;
				DEVELOPMENT_TEAM = QXPHWM9EW2;
				INFOPLIST_FILE = YQDataSource/Info.plist;
				LD_RUNPATH_SEARCH_PATHS = (
					"$(inherited)",
					"@executable_path/Frameworks",
				);
				PRODUCT_BUNDLE_IDENTIFIER = com.wyq.YQDataSource;
				PRODUCT_NAME = "$(TARGET_NAME)";
				TARGETED_DEVICE_FAMILY = "1,2";
			};
			name = Release;
		};
		55B4E637219076080078434C /* Debug */ = {
			isa = XCBuildConfiguration;
			buildSettings = {
				BUNDLE_LOADER = "$(TEST_HOST)";
				CODE_SIGN_STYLE = Automatic;
				DEVELOPMENT_TEAM = QXPHWM9EW2;
				INFOPLIST_FILE = YQDataSourceTests/Info.plist;
				LD_RUNPATH_SEARCH_PATHS = (
					"$(inherited)",
					"@executable_path/Frameworks",
					"@loader_path/Frameworks",
				);
				PRODUCT_BUNDLE_IDENTIFIER = com.wyq.YQDataSourceTests;
				PRODUCT_NAME = "$(TARGET_NAME)";
				TARGETED_DEVICE_FAMILY = "1,2";
				TEST_HOST = "$(BUILT_PRODUCTS_DIR)/YQDataSource.app/YQDataSource";
			};
			name = Debug;
		};
		55B4E638219076080078434C /* Release */ = {
			isa = XCBuildConfiguration;
			buildSettings = {
				BUNDLE_LOADER = "$(TEST_HOST)";
				CODE_SIGN_STYLE = Automatic;
				DEVELOPMENT_TEAM = QXPHWM9EW2;
				INFOPLIST_FILE = YQDataSourceTests/Info.plist;
				LD_RUNPATH_SEARCH_PATHS = (
					"$(inherited)",
					"@executable_path/Frameworks",
					"@loader_path/Frameworks",
				);
				PRODUCT_BUNDLE_IDENTIFIER = com.wyq.YQDataSourceTests;
				PRODUCT_NAME = "$(TARGET_NAME)";
				TARGETED_DEVICE_FAMILY = "1,2";
				TEST_HOST = "$(BUILT_PRODUCTS_DIR)/YQDataSource.app/YQDataSource";
			};
			name = Release;
		};
		55B4E63A219076080078434C /* Debug */ = {
			isa = XCBuildConfiguration;
			baseConfigurationReference = 66506507121AC1634D62D7DD /* Pods-YQDataSourceUITests.debug.xcconfig */;
			buildSettings = {
				CODE_SIGN_STYLE = Automatic;
				DEVELOPMENT_TEAM = QXPHWM9EW2;
				INFOPLIST_FILE = YQDataSourceUITests/Info.plist;
				LD_RUNPATH_SEARCH_PATHS = (
					"$(inherited)",
					"@executable_path/Frameworks",
					"@loader_path/Frameworks",
				);
				PRODUCT_BUNDLE_IDENTIFIER = com.wyq.YQDataSourceUITests;
				PRODUCT_NAME = "$(TARGET_NAME)";
				TARGETED_DEVICE_FAMILY = "1,2";
				TEST_TARGET_NAME = YQDataSource;
			};
			name = Debug;
		};
		55B4E63B219076080078434C /* Release */ = {
			isa = XCBuildConfiguration;
			baseConfigurationReference = C6B62394D007260A681F3288 /* Pods-YQDataSourceUITests.release.xcconfig */;
			buildSettings = {
				CODE_SIGN_STYLE = Automatic;
				DEVELOPMENT_TEAM = QXPHWM9EW2;
				INFOPLIST_FILE = YQDataSourceUITests/Info.plist;
				LD_RUNPATH_SEARCH_PATHS = (
					"$(inherited)",
					"@executable_path/Frameworks",
					"@loader_path/Frameworks",
				);
				PRODUCT_BUNDLE_IDENTIFIER = com.wyq.YQDataSourceUITests;
				PRODUCT_NAME = "$(TARGET_NAME)";
				TARGETED_DEVICE_FAMILY = "1,2";
				TEST_TARGET_NAME = YQDataSource;
			};
			name = Release;
		};
/* End XCBuildConfiguration section */

/* Begin XCConfigurationList section */
		55B4E602219076060078434C /* Build configuration list for PBXProject "YQDataSource" */ = {
			isa = XCConfigurationList;
			buildConfigurations = (
				55B4E631219076080078434C /* Debug */,
				55B4E632219076080078434C /* Release */,
			);
			defaultConfigurationIsVisible = 0;
			defaultConfigurationName = Release;
		};
		55B4E633219076080078434C /* Build configuration list for PBXNativeTarget "YQDataSource" */ = {
			isa = XCConfigurationList;
			buildConfigurations = (
				55B4E634219076080078434C /* Debug */,
				55B4E635219076080078434C /* Release */,
			);
			defaultConfigurationIsVisible = 0;
			defaultConfigurationName = Release;
		};
		55B4E636219076080078434C /* Build configuration list for PBXNativeTarget "YQDataSourceTests" */ = {
			isa = XCConfigurationList;
			buildConfigurations = (
				55B4E637219076080078434C /* Debug */,
				55B4E638219076080078434C /* Release */,
			);
			defaultConfigurationIsVisible = 0;
			defaultConfigurationName = Release;
		};
		55B4E639219076080078434C /* Build configuration list for PBXNativeTarget "YQDataSourceUITests" */ = {
			isa = XCConfigurationList;
			buildConfigurations = (
				55B4E63A219076080078434C /* Debug */,
				55B4E63B219076080078434C /* Release */,
			);
			defaultConfigurationIsVisible = 0;
			defaultConfigurationName = Release;
		};
/* End XCConfigurationList section */
	};
	rootObject = 55B4E5FF219076060078434C /* Project object */;
}
